
Microsoft Visual Studio Solution File, Format Version 12.00
# Visual Studio 15
VisualStudioVersion = 15.0.34031.82
MinimumVisualStudioVersion = 10.0.40219.1
Project("{FAE04EC0-301F-11D3-BF4B-00C04F79EFBC}") = "CsharpKnowledge", "ConsoleApp1\CsharpKnowledge.csproj", "{6123A831-6377-47C5-9497-2D8EB9B78958}"
EndProject
Global
	GlobalSection(SolutionConfigurationPlatforms) = preSolution
		Debug|Any CPU = Debug|Any CPU
		Release|Any CPU = Release|Any CPU
	EndGlobalSection
	GlobalSection(ProjectConfigurationPlatforms) = postSolution
		{6123A831-6377-47C5-9497-2D8EB9B78958}.Debug|Any CPU.ActiveCfg = Debug|Any CPU
		{6123A831-6377-47C5-9497-2D8EB9B78958}.Debug|Any CPU.Build.0 = Debug|Any CPU
		{6123A831-6377-47C5-9497-2D8EB9B78958}.Release|Any CPU.ActiveCfg = Release|Any CPU
		{6123A831-6377-47C5-9497-2D8EB9B78958}.Release|Any CPU.Build.0 = Release|Any CPU
	EndGlobalSection
	GlobalSection(SolutionProperties) = preSolution
		HideSolutionNode = FALSE
	EndGlobalSection
	GlobalSection(ExtensibilityGlobals) = postSolution
		SolutionGuid = {887DB817-EBD4-4DAF-B4BA-5BCA8730085C}
	EndGlobalSection
EndGlobal
